
Microsoft Visual Studio Solution File, Format Version 12.00
# Visual Studio Version 17
VisualStudioVersion = 17.8.34330.188
MinimumVisualStudioVersion = 10.0.40219.1
Project("{9A19103F-16F7-4668-BE54-9A1E7A4F7556}") = "OneshotSunApparatice", "OneshotSunApparatice.csproj", "{92C01D8F-551B-4B97-B125-A409872BBD13}"
EndProject
Global
	GlobalSection(SolutionConfigurationPlatforms) = preSolution
		Debug|Any CPU = Debug|Any CPU
		Release|Any CPU = Release|Any CPU
	EndGlobalSection
	GlobalSection(ProjectConfigurationPlatforms) = postSolution
		{92C01D8F-551B-4B97-B125-A409872BBD13}.Debug|Any CPU.ActiveCfg = Debug|Any CPU
		{92C01D8F-551B-4B97-B125-A409872BBD13}.Debug|Any CPU.Build.0 = Debug|Any CPU
		{92C01D8F-551B-4B97-B125-A409872BBD13}.Release|Any CPU.ActiveCfg = Release|Any CPU
		{92C01D8F-551B-4B97-B125-A409872BBD13}.Release|Any CPU.Build.0 = Release|Any CPU
	EndGlobalSection
	GlobalSection(SolutionProperties) = preSolution
		HideSolutionNode = FALSE
	EndGlobalSection
	GlobalSection(ExtensibilityGlobals) = postSolution
		SolutionGuid = {C2F69B2B-D9FB-4083-9468-B7C35A65C751}
	EndGlobalSection
EndGlobal
